
Microsoft Visual Studio Solution File, Format Version 12.00
# Visual Studio Version 16
VisualStudioVersion = 16.0.29209.62
MinimumVisualStudioVersion = 10.0.40219.1
Project("{FAE04EC0-301F-11D3-BF4B-00C04F79EFBC}") = "Lab19", "Lab19\Lab19.csproj", "{3AE2B67B-41B7-48F0-A363-57B110A29974}"
EndProject
Global
	GlobalSection(SolutionConfigurationPlatforms) = preSolution
		Debug|Any CPU = Debug|Any CPU
		Release|Any CPU = Release|Any CPU
	EndGlobalSection
	GlobalSection(ProjectConfigurationPlatforms) = postSolution
		{3AE2B67B-41B7-48F0-A363-57B110A29974}.Debug|Any CPU.ActiveCfg = Debug|Any CPU
		{3AE2B67B-41B7-48F0-A363-57B110A29974}.Debug|Any CPU.Build.0 = Debug|Any CPU
		{3AE2B67B-41B7-48F0-A363-57B110A29974}.Release|Any CPU.ActiveCfg = Release|Any CPU
		{3AE2B67B-41B7-48F0-A363-57B110A29974}.Release|Any CPU.Build.0 = Release|Any CPU
	EndGlobalSection
	GlobalSection(SolutionProperties) = preSolution
		HideSolutionNode = FALSE
	EndGlobalSection
	GlobalSection(ExtensibilityGlobals) = postSolution
		SolutionGuid = {9C94AA92-01D2-4213-857A-CC3B23006E3B}
	EndGlobalSection
EndGlobal
